// !$*UTF8*$!
{
	archiveVersion = 1;
	classes = {
	};
	objectVersion = 46;
	objects = {

/* Begin PBXBuildFile section */
		860EFFC01F36C0EC002A97F5 /* GoogleMobileAds.framework in Frameworks */ = {isa = PBXBuildFile; fileRef = 860EFFBF1F36C0EC002A97F5 /* GoogleMobileAds.framework */; };
		860EFFC21F36C10D002A97F5 /* GoogleService-Info.plist in Resources */ = {isa = PBXBuildFile; fileRef = 860EFFC11F36C10D002A97F5 /* GoogleService-Info.plist */; };
		866DF8411F2BF66A0030E37C /* movies.csv in Resources */ = {isa = PBXBuildFile; fileRef = 866DF8401F2BF66A0030E37C /* movies.csv */; };
		866DF8431F2C4B640030E37C /* Midnight Valentine.ttf in Resources */ = {isa = PBXBuildFile; fileRef = 866DF8421F2C4B640030E37C /* Midnight Valentine.ttf */; };
		866DF8451F2C4CB30030E37C /* RoughNotesSample.ttf in Resources */ = {isa = PBXBuildFile; fileRef = 866DF8441F2C4CB30030E37C /* RoughNotesSample.ttf */; };
		866DF8471F2FB47E0030E37C /* Chunky Felt.otf in Resources */ = {isa = PBXBuildFile; fileRef = 866DF8461F2FB47E0030E37C /* Chunky Felt.otf */; };
		866DF84B1F2FDD620030E37C /* Plumpfull.ttf in Resources */ = {isa = PBXBuildFile; fileRef = 866DF84A1F2FDD620030E37C /* Plumpfull.ttf */; };
		866DF84F1F2FDF960030E37C /* BebasNeue.otf in Resources */ = {isa = PBXBuildFile; fileRef = 866DF84E1F2FDF960030E37C /* BebasNeue.otf */; };
		866DF8511F2FDFCD0030E37C /* BEBAS.ttf in Resources */ = {isa = PBXBuildFile; fileRef = 866DF8501F2FDFCD0030E37C /* BEBAS.ttf */; };
		866DF8541F300FFA0030E37C /* fontawesome-webfont.ttf in Resources */ = {isa = PBXBuildFile; fileRef = 866DF8531F300FFA0030E37C /* fontawesome-webfont.ttf */; };
		86D57DCE1F1AFA0600DBDF59 /* AppDelegate.swift in Sources */ = {isa = PBXBuildFile; fileRef = 86D57DCD1F1AFA0600DBDF59 /* AppDelegate.swift */; };
		86D57DD01F1AFA0600DBDF59 /* HomeVC.swift in Sources */ = {isa = PBXBuildFile; fileRef = 86D57DCF1F1AFA0600DBDF59 /* HomeVC.swift */; };
		86D57DD31F1AFA0600DBDF59 /* Main.storyboard in Resources */ = {isa = PBXBuildFile; fileRef = 86D57DD11F1AFA0600DBDF59 /* Main.storyboard */; };
		86D57DD51F1AFA0600DBDF59 /* Assets.xcassets in Resources */ = {isa = PBXBuildFile; fileRef = 86D57DD41F1AFA0600DBDF59 /* Assets.xcassets */; };
		86D57DD81F1AFA0600DBDF59 /* LaunchScreen.storyboard in Resources */ = {isa = PBXBuildFile; fileRef = 86D57DD61F1AFA0600DBDF59 /* LaunchScreen.storyboard */; };
		86D57DE31F1AFB5C00DBDF59 /* GenresVC.swift in Sources */ = {isa = PBXBuildFile; fileRef = 86D57DE21F1AFB5C00DBDF59 /* GenresVC.swift */; };
		86D57DE51F1AFB7300DBDF59 /* SuggestionVC.swift in Sources */ = {isa = PBXBuildFile; fileRef = 86D57DE41F1AFB7300DBDF59 /* SuggestionVC.swift */; };
		86D57DEA1F1B020700DBDF59 /* csv.swift in Sources */ = {isa = PBXBuildFile; fileRef = 86D57DE61F1B020700DBDF59 /* csv.swift */; };
		86D57DEB1F1B020700DBDF59 /* IngredientsButton.swift in Sources */ = {isa = PBXBuildFile; fileRef = 86D57DE71F1B020700DBDF59 /* IngredientsButton.swift */; };
		86D57DEC1F1B020700DBDF59 /* RoundButton.swift in Sources */ = {isa = PBXBuildFile; fileRef = 86D57DE81F1B020700DBDF59 /* RoundButton.swift */; };
		86D57DEF1F1D5F5F00DBDF59 /* Movie.swift in Sources */ = {isa = PBXBuildFile; fileRef = 86D57DEE1F1D5F5F00DBDF59 /* Movie.swift */; };
/* End PBXBuildFile section */

/* Begin PBXFileReference section */
		860EFFBF1F36C0EC002A97F5 /* GoogleMobileAds.framework */ = {isa = PBXFileReference; lastKnownFileType = wrapper.framework; path = GoogleMobileAds.framework; sourceTree = "<group>"; };
		860EFFC11F36C10D002A97F5 /* GoogleService-Info.plist */ = {isa = PBXFileReference; fileEncoding = 4; lastKnownFileType = text.plist.xml; path = "GoogleService-Info.plist"; sourceTree = "<group>"; };
		866DF8401F2BF66A0030E37C /* movies.csv */ = {isa = PBXFileReference; fileEncoding = 4; lastKnownFileType = text; path = movies.csv; sourceTree = "<group>"; };
		866DF8421F2C4B640030E37C /* Midnight Valentine.ttf */ = {isa = PBXFileReference; lastKnownFileType = file; path = "Midnight Valentine.ttf"; sourceTree = "<group>"; };
		866DF8441F2C4CB30030E37C /* RoughNotesSample.ttf */ = {isa = PBXFileReference; lastKnownFileType = file; path = RoughNotesSample.ttf; sourceTree = "<group>"; };
		866DF8461F2FB47E0030E37C /* Chunky Felt.otf */ = {isa = PBXFileReference; lastKnownFileType = file; path = "Chunky Felt.otf"; sourceTree = "<group>"; };
		866DF84A1F2FDD620030E37C /* Plumpfull.ttf */ = {isa = PBXFileReference; lastKnownFileType = file; path = Plumpfull.ttf; sourceTree = "<group>"; };
		866DF84E1F2FDF960030E37C /* BebasNeue.otf */ = {isa = PBXFileReference; lastKnownFileType = file; path = BebasNeue.otf; sourceTree = "<group>"; };
		866DF8501F2FDFCD0030E37C /* BEBAS.ttf */ = {isa = PBXFileReference; lastKnownFileType = file; path = BEBAS.ttf; sourceTree = "<group>"; };
		866DF8531F300FFA0030E37C /* fontawesome-webfont.ttf */ = {isa = PBXFileReference; lastKnownFileType = file; path = "fontawesome-webfont.ttf"; sourceTree = "<group>"; };
		86D57DCA1F1AFA0600DBDF59 /* MovieApp.app */ = {isa = PBXFileReference; explicitFileType = wrapper.application; includeInIndex = 0; path = MovieApp.app; sourceTree = BUILT_PRODUCTS_DIR; };
		86D57DCD1F1AFA0600DBDF59 /* AppDelegate.swift */ = {isa = PBXFileReference; lastKnownFileType = sourcecode.swift; path = AppDelegate.swift; sourceTree = "<group>"; };
		86D57DCF1F1AFA0600DBDF59 /* HomeVC.swift */ = {isa = PBXFileReference; lastKnownFileType = sourcecode.swift; path = HomeVC.swift; sourceTree = "<group>"; };
		86D57DD21F1AFA0600DBDF59 /* Base */ = {isa = PBXFileReference; lastKnownFileType = file.storyboard; name = Base; path = Base.lproj/Main.storyboard; sourceTree = "<group>"; };
		86D57DD41F1AFA0600DBDF59 /* Assets.xcassets */ = {isa = PBXFileReference; lastKnownFileType = folder.assetcatalog; path = Assets.xcassets; sourceTree = "<group>"; };
		86D57DD71F1AFA0600DBDF59 /* Base */ = {isa = PBXFileReference; lastKnownFileType = file.storyboard; name = Base; path = Base.lproj/LaunchScreen.storyboard; sourceTree = "<group>"; };
		86D57DD91F1AFA0600DBDF59 /* Info.plist */ = {isa = PBXFileReference; lastKnownFileType = text.plist.xml; path = Info.plist; sourceTree = "<group>"; };
		86D57DE21F1AFB5C00DBDF59 /* GenresVC.swift */ = {isa = PBXFileReference; fileEncoding = 4; lastKnownFileType = sourcecode.swift; path = GenresVC.swift; sourceTree = "<group>"; };
		86D57DE41F1AFB7300DBDF59 /* SuggestionVC.swift */ = {isa = PBXFileReference; fileEncoding = 4; lastKnownFileType = sourcecode.swift; path = SuggestionVC.swift; sourceTree = "<group>"; };
		86D57DE61F1B020700DBDF59 /* csv.swift */ = {isa = PBXFileReference; fileEncoding = 4; lastKnownFileType = sourcecode.swift; name = csv.swift; path = ../csv.swift; sourceTree = "<group>"; };
		86D57DE71F1B020700DBDF59 /* IngredientsButton.swift */ = {isa = PBXFileReference; fileEncoding = 4; lastKnownFileType = sourcecode.swift; name = IngredientsButton.swift; path = ../IngredientsButton.swift; sourceTree = "<group>"; };
		86D57DE81F1B020700DBDF59 /* RoundButton.swift */ = {isa = PBXFileReference; fileEncoding = 4; lastKnownFileType = sourcecode.swift; name = RoundButton.swift; path = ../RoundButton.swift; sourceTree = "<group>"; };
		86D57DEE1F1D5F5F00DBDF59 /* Movie.swift */ = {isa = PBXFileReference; fileEncoding = 4; lastKnownFileType = sourcecode.swift; path = Movie.swift; sourceTree = "<group>"; };
/* End PBXFileReference section */

/* Begin PBXFrameworksBuildPhase section */
		86D57DC71F1AFA0600DBDF59 /* Frameworks */ = {
			isa = PBXFrameworksBuildPhase;
			buildActionMask = 2147483647;
			files = (
				860EFFC01F36C0EC002A97F5 /* GoogleMobileAds.framework in Frameworks */,
			);
			runOnlyForDeploymentPostprocessing = 0;
		};
/* End PBXFrameworksBuildPhase section */

/* Begin PBXGroup section */
		866DF8521F300FB00030E37C /* Resources */ = {
			isa = PBXGroup;
			children = (
				866DF8531F300FFA0030E37C /* fontawesome-webfont.ttf */,
				866DF8421F2C4B640030E37C /* Midnight Valentine.ttf */,
				866DF8441F2C4CB30030E37C /* RoughNotesSample.ttf */,
				866DF8461F2FB47E0030E37C /* Chunky Felt.otf */,
				866DF84A1F2FDD620030E37C /* Plumpfull.ttf */,
				866DF84E1F2FDF960030E37C /* BebasNeue.otf */,
				866DF8501F2FDFCD0030E37C /* BEBAS.ttf */,
			);
			name = Resources;
			sourceTree = "<group>";
		};
		86D57DC11F1AFA0600DBDF59 = {
			isa = PBXGroup;
			children = (
				86D57DCC1F1AFA0600DBDF59 /* MovieApp */,
				86D57DCB1F1AFA0600DBDF59 /* Products */,
				860EFFC11F36C10D002A97F5 /* GoogleService-Info.plist */,
				860EFFBF1F36C0EC002A97F5 /* GoogleMobileAds.framework */,
			);
			sourceTree = "<group>";
		};
		86D57DCB1F1AFA0600DBDF59 /* Products */ = {
			isa = PBXGroup;
			children = (
				86D57DCA1F1AFA0600DBDF59 /* MovieApp.app */,
			);
			name = Products;
			sourceTree = "<group>";
		};
		86D57DCC1F1AFA0600DBDF59 /* MovieApp */ = {
			isa = PBXGroup;
			children = (
				86D57DD11F1AFA0600DBDF59 /* Main.storyboard */,
				86D57DE11F1AFB2900DBDF59 /* Controller */,
				86D57DE01F1AFB1E00DBDF59 /* View */,
				86D57DDF1F1AFB1400DBDF59 /* Model */,
				86D57DCD1F1AFA0600DBDF59 /* AppDelegate.swift */,
				86D57DD41F1AFA0600DBDF59 /* Assets.xcassets */,
				86D57DD61F1AFA0600DBDF59 /* LaunchScreen.storyboard */,
				866DF8521F300FB00030E37C /* Resources */,
				86D57DD91F1AFA0600DBDF59 /* Info.plist */,
			);
			path = MovieApp;
			sourceTree = "<group>";
		};
		86D57DDF1F1AFB1400DBDF59 /* Model */ = {
			isa = PBXGroup;
			children = (
				86D57DE61F1B020700DBDF59 /* csv.swift */,
				866DF8401F2BF66A0030E37C /* movies.csv */,
				86D57DEE1F1D5F5F00DBDF59 /* Movie.swift */,
			);
			name = Model;
			sourceTree = "<group>";
		};
		86D57DE01F1AFB1E00DBDF59 /* View */ = {
			isa = PBXGroup;
			children = (
				86D57DE71F1B020700DBDF59 /* IngredientsButton.swift */,
				86D57DE81F1B020700DBDF59 /* RoundButton.swift */,
			);
			name = View;
			sourceTree = "<group>";
		};
		86D57DE11F1AFB2900DBDF59 /* Controller */ = {
			isa = PBXGroup;
			children = (
				86D57DCF1F1AFA0600DBDF59 /* HomeVC.swift */,
				86D57DE21F1AFB5C00DBDF59 /* GenresVC.swift */,
				86D57DE41F1AFB7300DBDF59 /* SuggestionVC.swift */,
			);
			name = Controller;
			sourceTree = "<group>";
		};
/* End PBXGroup section */

/* Begin PBXNativeTarget section */
		86D57DC91F1AFA0600DBDF59 /* MovieApp */ = {
			isa = PBXNativeTarget;
			buildConfigurationList = 86D57DDC1F1AFA0600DBDF59 /* Build configuration list for PBXNativeTarget "MovieApp" */;
			buildPhases = (
				86D57DC61F1AFA0600DBDF59 /* Sources */,
				86D57DC71F1AFA0600DBDF59 /* Frameworks */,
				86D57DC81F1AFA0600DBDF59 /* Resources */,
			);
			buildRules = (
			);
			dependencies = (
			);
			name = MovieApp;
			productName = MovieApp;
			productReference = 86D57DCA1F1AFA0600DBDF59 /* MovieApp.app */;
			productType = "com.apple.product-type.application";
		};
/* End PBXNativeTarget section */

/* Begin PBXProject section */
		86D57DC21F1AFA0600DBDF59 /* Project object */ = {
			isa = PBXProject;
			attributes = {
				LastSwiftUpdateCheck = 0830;
				LastUpgradeCheck = 0830;
				ORGANIZATIONNAME = "Moshi Media";
				TargetAttributes = {
					86D57DC91F1AFA0600DBDF59 = {
						CreatedOnToolsVersion = 8.3.3;
						DevelopmentTeam = RGJUGQYL7K;
						ProvisioningStyle = Automatic;
					};
				};
			};
			buildConfigurationList = 86D57DC51F1AFA0600DBDF59 /* Build configuration list for PBXProject "MovieApp" */;
			compatibilityVersion = "Xcode 3.2";
			developmentRegion = English;
			hasScannedForEncodings = 0;
			knownRegions = (
				en,
				Base,
			);
			mainGroup = 86D57DC11F1AFA0600DBDF59;
			productRefGroup = 86D57DCB1F1AFA0600DBDF59 /* Products */;
			projectDirPath = "";
			projectRoot = "";
			targets = (
				86D57DC91F1AFA0600DBDF59 /* MovieApp */,
			);
		};
/* End PBXProject section */

/* Begin PBXResourcesBuildPhase section */
		86D57DC81F1AFA0600DBDF59 /* Resources */ = {
			isa = PBXResourcesBuildPhase;
			buildActionMask = 2147483647;
			files = (
				866DF8541F300FFA0030E37C /* fontawesome-webfont.ttf in Resources */,
				86D57DD81F1AFA0600DBDF59 /* LaunchScreen.storyboard in Resources */,
				866DF8471F2FB47E0030E37C /* Chunky Felt.otf in Resources */,
				866DF8511F2FDFCD0030E37C /* BEBAS.ttf in Resources */,
				866DF84F1F2FDF960030E37C /* BebasNeue.otf in Resources */,
				860EFFC21F36C10D002A97F5 /* GoogleService-Info.plist in Resources */,
				86D57DD51F1AFA0600DBDF59 /* Assets.xcassets in Resources */,
				866DF8451F2C4CB30030E37C /* RoughNotesSample.ttf in Resources */,
				866DF8431F2C4B640030E37C /* Midnight Valentine.ttf in Resources */,
				86D57DD31F1AFA0600DBDF59 /* Main.storyboard in Resources */,
				866DF84B1F2FDD620030E37C /* Plumpfull.ttf in Resources */,
				866DF8411F2BF66A0030E37C /* movies.csv in Resources */,
			);
			runOnlyForDeploymentPostprocessing = 0;
		};
/* End PBXResourcesBuildPhase section */

/* Begin PBXSourcesBuildPhase section */
		86D57DC61F1AFA0600DBDF59 /* Sources */ = {
			isa = PBXSourcesBuildPhase;
			buildActionMask = 2147483647;
			files = (
				86D57DD01F1AFA0600DBDF59 /* HomeVC.swift in Sources */,
				86D57DE31F1AFB5C00DBDF59 /* GenresVC.swift in Sources */,
				86D57DEC1F1B020700DBDF59 /* RoundButton.swift in Sources */,
				86D57DE51F1AFB7300DBDF59 /* SuggestionVC.swift in Sources */,
				86D57DCE1F1AFA0600DBDF59 /* AppDelegate.swift in Sources */,
				86D57DEF1F1D5F5F00DBDF59 /* Movie.swift in Sources */,
				86D57DEB1F1B020700DBDF59 /* IngredientsButton.swift in Sources */,
				86D57DEA1F1B020700DBDF59 /* csv.swift in Sources */,
			);
			runOnlyForDeploymentPostprocessing = 0;
		};
/* End PBXSourcesBuildPhase section */

/* Begin PBXVariantGroup section */
		86D57DD11F1AFA0600DBDF59 /* Main.storyboard */ = {
			isa = PBXVariantGroup;
			children = (
				86D57DD21F1AFA0600DBDF59 /* Base */,
			);
			name = Main.storyboard;
			sourceTree = "<group>";
		};
		86D57DD61F1AFA0600DBDF59 /* LaunchScreen.storyboard */ = {
			isa = PBXVariantGroup;
			children = (
				86D57DD71F1AFA0600DBDF59 /* Base */,
			);
			name = LaunchScreen.storyboard;
			sourceTree = "<group>";
		};
/* End PBXVariantGroup section */

/* Begin XCBuildConfiguration section */
		86D57DDA1F1AFA0600DBDF59 /* Debug */ = {
			isa = XCBuildConfiguration;
			buildSettings = {
				ALWAYS_SEARCH_USER_PATHS = NO;
				CLANG_ANALYZER_NONNULL = YES;
				CLANG_ANALYZER_NUMBER_OBJECT_CONVERSION = YES_AGGRESSIVE;
				CLANG_CXX_LANGUAGE_STANDARD = "gnu++0x";
				CLANG_CXX_LIBRARY = "libc++";
				CLANG_ENABLE_MODULES = YES;
				CLANG_ENABLE_OBJC_ARC = YES;
				CLANG_WARN_BOOL_CONVERSION = YES;
				CLANG_WARN_CONSTANT_CONVERSION = YES;
				CLANG_WARN_DIRECT_OBJC_ISA_USAGE = YES_ERROR;
				CLANG_WARN_DOCUMENTATION_COMMENTS = YES;
				CLANG_WARN_EMPTY_BODY = YES;
				CLANG_WARN_ENUM_CONVERSION = YES;
				CLANG_WARN_INFINITE_RECURSION = YES;
				CLANG_WARN_INT_CONVERSION = YES;
				CLANG_WARN_OBJC_ROOT_CLASS = YES_ERROR;
				CLANG_WARN_SUSPICIOUS_MOVE = YES;
				CLANG_WARN_UNREACHABLE_CODE = YES;
				CLANG_WARN__DUPLICATE_METHOD_MATCH = YES;
				"CODE_SIGN_IDENTITY[sdk=iphoneos*]" = "iPhone Developer";
				COPY_PHASE_STRIP = NO;
				DEBUG_INFORMATION_FORMAT = dwarf;
				ENABLE_STRICT_OBJC_MSGSEND = YES;
				ENABLE_TESTABILITY = YES;
				GCC_C_LANGUAGE_STANDARD = gnu99;
				GCC_DYNAMIC_NO_PIC = NO;
				GCC_NO_COMMON_BLOCKS = YES;
				GCC_OPTIMIZATION_LEVEL = 0;
				GCC_PREPROCESSOR_DEFINITIONS = (
					"DEBUG=1",
					"$(inherited)",
				);
				GCC_WARN_64_TO_32_BIT_CONVERSION = YES;
				GCC_WARN_ABOUT_RETURN_TYPE = YES_ERROR;
				GCC_WARN_UNDECLARED_SELECTOR = YES;
				GCC_WARN_UNINITIALIZED_AUTOS = YES_AGGRESSIVE;
				GCC_WARN_UNUSED_FUNCTION = YES;
				GCC_WARN_UNUSED_VARIABLE = YES;
				IPHONEOS_DEPLOYMENT_TARGET = 10.3;
				MTL_ENABLE_DEBUG_INFO = YES;
				ONLY_ACTIVE_ARCH = YES;
				SDKROOT = iphoneos;
				SWIFT_ACTIVE_COMPILATION_CONDITIONS = DEBUG;
				SWIFT_OPTIMIZATION_LEVEL = "-Onone";
				TARGETED_DEVICE_FAMILY = "1,2";
			};
			name = Debug;
		};
		86D57DDB1F1AFA0600DBDF59 /* Release */ = {
			isa = XCBuildConfiguration;
			buildSettings = {
				ALWAYS_SEARCH_USER_PATHS = NO;
				CLANG_ANALYZER_NONNULL = YES;
				CLANG_ANALYZER_NUMBER_OBJECT_CONVERSION = YES_AGGRESSIVE;
				CLANG_CXX_LANGUAGE_STANDARD = "gnu++0x";
				CLANG_CXX_LIBRARY = "libc++";
				CLANG_ENABLE_MODULES = YES;
				CLANG_ENABLE_OBJC_ARC = YES;
				CLANG_WARN_BOOL_CONVERSION = YES;
				CLANG_WARN_CONSTANT_CONVERSION = YES;
				CLANG_WARN_DIRECT_OBJC_ISA_USAGE = YES_ERROR;
				CLANG_WARN_DOCUMENTATION_COMMENTS = YES;
				CLANG_WARN_EMPTY_BODY = YES;
				CLANG_WARN_ENUM_CONVERSION = YES;
				CLANG_WARN_INFINITE_RECURSION = YES;
				CLANG_WARN_INT_CONVERSION = YES;
				CLANG_WARN_OBJC_ROOT_CLASS = YES_ERROR;
				CLANG_WARN_SUSPICIOUS_MOVE = YES;
				CLANG_WARN_UNREACHABLE_CODE = YES;
				CLANG_WARN__DUPLICATE_METHOD_MATCH = YES;
				"CODE_SIGN_IDENTITY[sdk=iphoneos*]" = "iPhone Developer";
				COPY_PHASE_STRIP = NO;
				DEBUG_INFORMATION_FORMAT = "dwarf-with-dsym";
				ENABLE_NS_ASSERTIONS = NO;
				ENABLE_STRICT_OBJC_MSGSEND = YES;
				GCC_C_LANGUAGE_STANDARD = gnu99;
				GCC_NO_COMMON_BLOCKS = YES;
				GCC_WARN_64_TO_32_BIT_CONVERSION = YES;
				GCC_WARN_ABOUT_RETURN_TYPE = YES_ERROR;
				GCC_WARN_UNDECLARED_SELECTOR = YES;
				GCC_WARN_UNINITIALIZED_AUTOS = YES_AGGRESSIVE;
				GCC_WARN_UNUSED_FUNCTION = YES;
				GCC_WARN_UNUSED_VARIABLE = YES;
				IPHONEOS_DEPLOYMENT_TARGET = 10.3;
				MTL_ENABLE_DEBUG_INFO = NO;
				SDKROOT = iphoneos;
				SWIFT_OPTIMIZATION_LEVEL = "-Owholemodule";
				TARGETED_DEVICE_FAMILY = "1,2";
				VALIDATE_PRODUCT = YES;
			};
			name = Release;
		};
		86D57DDD1F1AFA0600DBDF59 /* Debug */ = {
			isa = XCBuildConfiguration;
			buildSettings = {
				ASSETCATALOG_COMPILER_APPICON_NAME = AppIcon;
				DEVELOPMENT_TEAM = RGJUGQYL7K;
				FRAMEWORK_SEARCH_PATHS = (
					"$(inherited)",
					"$(PROJECT_DIR)",
				);
				INFOPLIST_FILE = MovieApp/Info.plist;
				LD_RUNPATH_SEARCH_PATHS = "$(inherited) @executable_path/Frameworks";
				PRODUCT_BUNDLE_IDENTIFIER = ca.moshimedia.MovieApp;
				PRODUCT_NAME = "$(TARGET_NAME)";
				SWIFT_VERSION = 3.0;
			};
			name = Debug;
		};
		86D57DDE1F1AFA0600DBDF59 /* Release */ = {
			isa = XCBuildConfiguration;
			buildSettings = {
				ASSETCATALOG_COMPILER_APPICON_NAME = AppIcon;
				DEVELOPMENT_TEAM = RGJUGQYL7K;
				FRAMEWORK_SEARCH_PATHS = (
					"$(inherited)",
					"$(PROJECT_DIR)",
				);
				INFOPLIST_FILE = MovieApp/Info.plist;
				LD_RUNPATH_SEARCH_PATHS = "$(inherited) @executable_path/Frameworks";
				PRODUCT_BUNDLE_IDENTIFIER = ca.moshimedia.MovieApp;
				PRODUCT_NAME = "$(TARGET_NAME)";
				SWIFT_VERSION = 3.0;
			};
			name = Release;
		};
/* End XCBuildConfiguration section */

/* Begin XCConfigurationList section */
		86D57DC51F1AFA0600DBDF59 /* Build configuration list for PBXProject "MovieApp" */ = {
			isa = XCConfigurationList;
			buildConfigurations = (
				86D57DDA1F1AFA0600DBDF59 /* Debug */,
				86D57DDB1F1AFA0600DBDF59 /* Release */,
			);
			defaultConfigurationIsVisible = 0;
			defaultConfigurationName = Release;
		};
		86D57DDC1F1AFA0600DBDF59 /* Build configuration list for PBXNativeTarget "MovieApp" */ = {
			isa = XCConfigurationList;
			buildConfigurations = (
				86D57DDD1F1AFA0600DBDF59 /* Debug */,
				86D57DDE1F1AFA0600DBDF59 /* Release */,
			);
			defaultConfigurationIsVisible = 0;
			defaultConfigurationName = Release;
		};
/* End XCConfigurationList section */
	};
	rootObject = 86D57DC21F1AFA0600DBDF59 /* Project object */;
}
